{
  "lockfile_version": "1",
  "packages": {
    "fzf@latest": {
      "last_modified": "2024-12-23T21:10:33Z",
      "resolved": "github:NixOS/nixpkgs/de1864217bfa9b5845f465e771e0ecb48b30e02d#fzf",
      "source": "devbox-search",
      "version": "0.57.0",
      "systems": {
        "aarch64-darwin": {
          "outputs": [
            {
              "name": "out",
              "path": "/nix/store/8iaarhsqpdvg0ndwdvjcx6rp8fnw2fzk-fzf-0.57.0",
              "default": true
            },
            {
              "name": "man",
              "path": "/nix/store/gszq21lhpz1iy57paszhzna44ig3z6d1-fzf-0.57.0-man",
              "default": true
            }
          ],
          "store_path": "/nix/store/8iaarhsqpdvg0ndwdvjcx6rp8fnw2fzk-fzf-0.57.0"
        },
        "aarch64-linux": {
          "outputs": [
            {
              "name": "out",
              "path": "/nix/store/4m0q1zccd891q3phq23dg1b4dfnyqw6r-fzf-0.57.0",
              "default": true
            },
            {
              "name": "man",
              "path": "/nix/store/pzvqwg3xsk0llfmwp49mv0q1yj0506i0-fzf-0.57.0-man",
              "default": true
            }
          ],
          "store_path": "/nix/store/4m0q1zccd891q3phq23dg1b4dfnyqw6r-fzf-0.57.0"
        },
        "x86_64-darwin": {
          "outputs": [
            {
              "name": "out",
              "path": "/nix/store/dgkgwwdwilbg1bfqw1hdym0v206pdxwd-fzf-0.57.0",
              "default": true
            },
            {
              "name": "man",
              "path": "/nix/store/chwh9bxf1miy4gbym0f2pasnpg6n26pb-fzf-0.57.0-man",
              "default": true
            }
          ],
          "store_path": "/nix/store/dgkgwwdwilbg1bfqw1hdym0v206pdxwd-fzf-0.57.0"
        },
        "x86_64-linux": {
          "outputs": [
            {
              "name": "out",
              "path": "/nix/store/qb76l3bdjlld3xdvr2clbqwsi8l1rh5j-fzf-0.57.0",
              "default": true
            },
            {
              "name": "man",
              "path": "/nix/store/709q83k1ma94r5qwiwm330sm67fh3bgs-fzf-0.57.0-man",
              "default": true
            }
          ],
          "store_path": "/nix/store/qb76l3bdjlld3xdvr2clbqwsi8l1rh5j-fzf-0.57.0"
        }
      }
    }
  }
}
